
Microsoft Visual Studio Solution File, Format Version 12.00
# Visual Studio Version 17
VisualStudioVersion = 17.0.31903.59
MinimumVisualStudioVersion = 10.0.40219.1
Project("{2150E333-8FDC-42A3-9474-1A3956D46DE8}") = "src", "src", "{C8A68696-9BB7-46CE-AEF5-4EDAD0BB986F}"
EndProject
Project("{FAE04EC0-301F-11D3-BF4B-00C04F79EFBC}") = "AoC2024", "src\AoC2024\AoC2024.csproj", "{78416269-B5F3-4AF5-BD03-B8ED9DB69047}"
EndProject
Global
	GlobalSection(SolutionConfigurationPlatforms) = preSolution
		Debug|Any CPU = Debug|Any CPU
		Release|Any CPU = Release|Any CPU
	EndGlobalSection
	GlobalSection(SolutionProperties) = preSolution
		HideSolutionNode = FALSE
	EndGlobalSection
	GlobalSection(ProjectConfigurationPlatforms) = postSolution
		{78416269-B5F3-4AF5-BD03-B8ED9DB69047}.Debug|Any CPU.ActiveCfg = Debug|Any CPU
		{78416269-B5F3-4AF5-BD03-B8ED9DB69047}.Debug|Any CPU.Build.0 = Debug|Any CPU
		{78416269-B5F3-4AF5-BD03-B8ED9DB69047}.Release|Any CPU.ActiveCfg = Release|Any CPU
		{78416269-B5F3-4AF5-BD03-B8ED9DB69047}.Release|Any CPU.Build.0 = Release|Any CPU
	EndGlobalSection
	GlobalSection(NestedProjects) = preSolution
		{78416269-B5F3-4AF5-BD03-B8ED9DB69047} = {C8A68696-9BB7-46CE-AEF5-4EDAD0BB986F}
	EndGlobalSection
EndGlobal
